
Microsoft Visual Studio Solution File, Format Version 12.00
# Visual Studio Version 17
VisualStudioVersion = 17.2.32526.322
MinimumVisualStudioVersion = 10.0.40219.1
Project("{FAE04EC0-301F-11D3-BF4B-00C04F79EFBC}") = "RockPaperScizzors", "RockPaperScizzors\RockPaperScizzors.csproj", "{4B87A837-5E90-45CD-ADC1-708F6482F26E}"
EndProject
Global
	GlobalSection(SolutionConfigurationPlatforms) = preSolution
		Debug|Any CPU = Debug|Any CPU
		Release|Any CPU = Release|Any CPU
	EndGlobalSection
	GlobalSection(ProjectConfigurationPlatforms) = postSolution
		{4B87A837-5E90-45CD-ADC1-708F6482F26E}.Debug|Any CPU.ActiveCfg = Debug|Any CPU
		{4B87A837-5E90-45CD-ADC1-708F6482F26E}.Debug|Any CPU.Build.0 = Debug|Any CPU
		{4B87A837-5E90-45CD-ADC1-708F6482F26E}.Release|Any CPU.ActiveCfg = Release|Any CPU
		{4B87A837-5E90-45CD-ADC1-708F6482F26E}.Release|Any CPU.Build.0 = Release|Any CPU
	EndGlobalSection
	GlobalSection(SolutionProperties) = preSolution
		HideSolutionNode = FALSE
	EndGlobalSection
	GlobalSection(ExtensibilityGlobals) = postSolution
		SolutionGuid = {31389608-931E-4AC9-BDB1-88C5BE54DF92}
	EndGlobalSection
EndGlobal
